{
  "version": 4,
  "terraform_version": "1.4.3",
  "serial": 1,
  "lineage": "05344d69-218c-83cd-3ea3-53e2e25f9f8e",
  "outputs": {},
  "resources": [
    {
      "mode": "managed",
      "type": "local_file",
      "name": "tets",
      "provider": "provider[\"registry.terraform.io/hashicorp/local\"]",
      "instances": [
        {
          "schema_version": 0,
          "attributes": {
            "content": "Hello From Terraform !",
            "content_base64": null,
            "content_base64sha256": "D14OSzVew2QIX2OzH18HccvT5ff2teKxGT54qOFTP04=",
            "content_base64sha512": "dDbtTGl/w7muuUVtROn9VKSfzpxPowdCqzs0CU1pzjReRu2O8B4NcAr0seRdrJ7fYoefC6iLi+yP2IO5hD3egw==",
            "content_md5": "bef837c5981b471fe16a8c74ccdaebeb",
            "content_sha1": "1e9460d823da895542c484f1349525f7bcdf8590",
            "content_sha256": "0f5e0e4b355ec364085f63b31f5f0771cbd3e5f7f6b5e2b1193e78a8e1533f4e",
            "content_sha512": "7436ed4c697fc3b9aeb9456d44e9fd54a49fce9c4fa30742ab3b34094d69ce345e46ed8ef01e0d700af4b1e45dac9edf62879f0ba88b8bec8fd883b9843dde83",
            "directory_permission": "0777",
            "file_permission": "0777",
            "filename": "./test.txt",
            "id": "1e9460d823da895542c484f1349525f7bcdf8590",
            "sensitive_content": null,
            "source": null
          },
          "sensitive_attributes": []
        }
      ]
    }
  ],
  "check_results": null
}
