{
  "version": 4,
  "terraform_version": "1.4.3",
  "serial": 1,
  "lineage": "775b64cf-adfe-4caa-90ba-adbfa9ff30df",
  "outputs": {},
  "resources": [
    {
      "mode": "managed",
      "type": "local_file",
      "name": "test1",
      "provider": "provider[\"registry.terraform.io/hashicorp/local\"]",
      "instances": [
        {
          "schema_version": 0,
          "attributes": {
            "content": "Test1 add any arguments!",
            "content_base64": null,
            "content_base64sha256": "obWbm5AKfbbj6RqtrME9WgflnQXdvNax03CqJTBxioM=",
            "content_base64sha512": "zUiawSKYuOo20QpEXSbBaAQYrdH3wb4x02JpejJuX6f4NsRhmOEZMgRwGiG5D7nCHlOmA7boZCvb3DZWwU9CIQ==",
            "content_md5": "c0b28aaf0995461132c8e7dabdc9bf5a",
            "content_sha1": "d64165a3b01683c3afb6d88bb118cf0f22ce36be",
            "content_sha256": "a1b59b9b900a7db6e3e91aadacc13d5a07e59d05ddbcd6b1d370aa2530718a83",
            "content_sha512": "cd489ac12298b8ea36d10a445d26c1680418add1f7c1be31d362697a326e5fa7f836c46198e1193204701a21b90fb9c21e53a603b6e8642bdbdc3656c14f4221",
            "directory_permission": "654",
            "file_permission": "641",
            "filename": "./test.txt",
            "id": "d64165a3b01683c3afb6d88bb118cf0f22ce36be",
            "sensitive_content": null,
            "source": null
          },
          "sensitive_attributes": []
        }
      ]
    }
  ],
  "check_results": null
}
